
Microsoft Visual Studio Solution File, Format Version 12.00
# Visual Studio Version 17
VisualStudioVersion = 17.8.34330.188
MinimumVisualStudioVersion = 10.0.40219.1
Project("{FAE04EC0-301F-11D3-BF4B-00C04F79EFBC}") = "WebAppASPMVC", "WebAppASPMVC\WebAppASPMVC.csproj", "{4C562BAD-2AA1-4313-81CE-837B07A82D1F}"
EndProject
Global
	GlobalSection(SolutionConfigurationPlatforms) = preSolution
		Debug|Any CPU = Debug|Any CPU
		Release|Any CPU = Release|Any CPU
	EndGlobalSection
	GlobalSection(ProjectConfigurationPlatforms) = postSolution
		{4C562BAD-2AA1-4313-81CE-837B07A82D1F}.Debug|Any CPU.ActiveCfg = Debug|Any CPU
		{4C562BAD-2AA1-4313-81CE-837B07A82D1F}.Debug|Any CPU.Build.0 = Debug|Any CPU
		{4C562BAD-2AA1-4313-81CE-837B07A82D1F}.Release|Any CPU.ActiveCfg = Release|Any CPU
		{4C562BAD-2AA1-4313-81CE-837B07A82D1F}.Release|Any CPU.Build.0 = Release|Any CPU
	EndGlobalSection
	GlobalSection(SolutionProperties) = preSolution
		HideSolutionNode = FALSE
	EndGlobalSection
	GlobalSection(ExtensibilityGlobals) = postSolution
		SolutionGuid = {3BBEC289-17C7-47DB-9E78-91425D156C05}
	EndGlobalSection
EndGlobal
